// !$*UTF8*$!
{
	archiveVersion = 1;
	classes = {
	};
	objectVersion = 46;
	objects = {

/* Begin PBXBuildFile section */
		C62A824E1C974F660057544F /* main.m in Sources */ = {isa = PBXBuildFile; fileRef = C62A824D1C974F660057544F /* main.m */; };
		C62A82511C974F660057544F /* AppDelegate.m in Sources */ = {isa = PBXBuildFile; fileRef = C62A82501C974F660057544F /* AppDelegate.m */; };
		C62A82541C974F660057544F /* ViewController.m in Sources */ = {isa = PBXBuildFile; fileRef = C62A82531C974F660057544F /* ViewController.m */; };
		C62A82571C974F660057544F /* Main.storyboard in Resources */ = {isa = PBXBuildFile; fileRef = C62A82551C974F660057544F /* Main.storyboard */; };
		C62A82591C974F660057544F /* Assets.xcassets in Resources */ = {isa = PBXBuildFile; fileRef = C62A82581C974F660057544F /* Assets.xcassets */; };
		C62A825C1C974F660057544F /* LaunchScreen.storyboard in Resources */ = {isa = PBXBuildFile; fileRef = C62A825A1C974F660057544F /* LaunchScreen.storyboard */; };
		C62A82661C974F8E0057544F /* TableViewCell.m in Sources */ = {isa = PBXBuildFile; fileRef = C62A82641C974F8E0057544F /* TableViewCell.m */; };
		C62A82671C974F8E0057544F /* TableViewCell.xib in Resources */ = {isa = PBXBuildFile; fileRef = C62A82651C974F8E0057544F /* TableViewCell.xib */; };
		C62A826A1C974F9D0057544F /* HeaderView.m in Sources */ = {isa = PBXBuildFile; fileRef = C62A82691C974F9D0057544F /* HeaderView.m */; };
		C62A826C1C974FAB0057544F /* HeaderView.xib in Resources */ = {isa = PBXBuildFile; fileRef = C62A826B1C974FAB0057544F /* HeaderView.xib */; };
		C62A826F1C974FCC0057544F /* SectionView.m in Sources */ = {isa = PBXBuildFile; fileRef = C62A826E1C974FCC0057544F /* SectionView.m */; };
		C62A82711C974FD70057544F /* SectionView.xib in Resources */ = {isa = PBXBuildFile; fileRef = C62A82701C974FD70057544F /* SectionView.xib */; };
/* End PBXBuildFile section */

/* Begin PBXFileReference section */
		C62A82491C974F660057544F /* HeaderControl.app */ = {isa = PBXFileReference; explicitFileType = wrapper.application; includeInIndex = 0; path = HeaderControl.app; sourceTree = BUILT_PRODUCTS_DIR; };
		C62A824D1C974F660057544F /* main.m */ = {isa = PBXFileReference; lastKnownFileType = sourcecode.c.objc; path = main.m; sourceTree = "<group>"; };
		C62A824F1C974F660057544F /* AppDelegate.h */ = {isa = PBXFileReference; lastKnownFileType = sourcecode.c.h; path = AppDelegate.h; sourceTree = "<group>"; };
		C62A82501C974F660057544F /* AppDelegate.m */ = {isa = PBXFileReference; lastKnownFileType = sourcecode.c.objc; path = AppDelegate.m; sourceTree = "<group>"; };
		C62A82521C974F660057544F /* ViewController.h */ = {isa = PBXFileReference; lastKnownFileType = sourcecode.c.h; path = ViewController.h; sourceTree = "<group>"; };
		C62A82531C974F660057544F /* ViewController.m */ = {isa = PBXFileReference; lastKnownFileType = sourcecode.c.objc; path = ViewController.m; sourceTree = "<group>"; };
		C62A82561C974F660057544F /* Base */ = {isa = PBXFileReference; lastKnownFileType = file.storyboard; name = Base; path = Base.lproj/Main.storyboard; sourceTree = "<group>"; };
		C62A82581C974F660057544F /* Assets.xcassets */ = {isa = PBXFileReference; lastKnownFileType = folder.assetcatalog; path = Assets.xcassets; sourceTree = "<group>"; };
		C62A825B1C974F660057544F /* Base */ = {isa = PBXFileReference; lastKnownFileType = file.storyboard; name = Base; path = Base.lproj/LaunchScreen.storyboard; sourceTree = "<group>"; };
		C62A825D1C974F660057544F /* Info.plist */ = {isa = PBXFileReference; lastKnownFileType = text.plist.xml; path = Info.plist; sourceTree = "<group>"; };
		C62A82631C974F8E0057544F /* TableViewCell.h */ = {isa = PBXFileReference; fileEncoding = 4; lastKnownFileType = sourcecode.c.h; path = TableViewCell.h; sourceTree = "<group>"; };
		C62A82641C974F8E0057544F /* TableViewCell.m */ = {isa = PBXFileReference; fileEncoding = 4; lastKnownFileType = sourcecode.c.objc; path = TableViewCell.m; sourceTree = "<group>"; };
		C62A82651C974F8E0057544F /* TableViewCell.xib */ = {isa = PBXFileReference; fileEncoding = 4; lastKnownFileType = file.xib; path = TableViewCell.xib; sourceTree = "<group>"; };
		C62A82681C974F9D0057544F /* HeaderView.h */ = {isa = PBXFileReference; fileEncoding = 4; lastKnownFileType = sourcecode.c.h; path = HeaderView.h; sourceTree = "<group>"; };
		C62A82691C974F9D0057544F /* HeaderView.m */ = {isa = PBXFileReference; fileEncoding = 4; lastKnownFileType = sourcecode.c.objc; path = HeaderView.m; sourceTree = "<group>"; };
		C62A826B1C974FAB0057544F /* HeaderView.xib */ = {isa = PBXFileReference; fileEncoding = 4; lastKnownFileType = file.xib; path = HeaderView.xib; sourceTree = "<group>"; };
		C62A826D1C974FCC0057544F /* SectionView.h */ = {isa = PBXFileReference; fileEncoding = 4; lastKnownFileType = sourcecode.c.h; path = SectionView.h; sourceTree = "<group>"; };
		C62A826E1C974FCC0057544F /* SectionView.m */ = {isa = PBXFileReference; fileEncoding = 4; lastKnownFileType = sourcecode.c.objc; path = SectionView.m; sourceTree = "<group>"; };
		C62A82701C974FD70057544F /* SectionView.xib */ = {isa = PBXFileReference; fileEncoding = 4; lastKnownFileType = file.xib; path = SectionView.xib; sourceTree = "<group>"; };
/* End PBXFileReference section */

/* Begin PBXFrameworksBuildPhase section */
		C62A82461C974F660057544F /* Frameworks */ = {
			isa = PBXFrameworksBuildPhase;
			buildActionMask = 2147483647;
			files = (
			);
			runOnlyForDeploymentPostprocessing = 0;
		};
/* End PBXFrameworksBuildPhase section */

/* Begin PBXGroup section */
		C62A82401C974F660057544F = {
			isa = PBXGroup;
			children = (
				C62A824B1C974F660057544F /* HeaderControl */,
				C62A824A1C974F660057544F /* Products */,
			);
			sourceTree = "<group>";
		};
		C62A824A1C974F660057544F /* Products */ = {
			isa = PBXGroup;
			children = (
				C62A82491C974F660057544F /* HeaderControl.app */,
			);
			name = Products;
			sourceTree = "<group>";
		};
		C62A824B1C974F660057544F /* HeaderControl */ = {
			isa = PBXGroup;
			children = (
				C62A824F1C974F660057544F /* AppDelegate.h */,
				C62A82501C974F660057544F /* AppDelegate.m */,
				C62A82721C974FDD0057544F /* ViewController */,
				C62A82551C974F660057544F /* Main.storyboard */,
				C62A82581C974F660057544F /* Assets.xcassets */,
				C62A825A1C974F660057544F /* LaunchScreen.storyboard */,
				C62A825D1C974F660057544F /* Info.plist */,
				C62A824C1C974F660057544F /* Supporting Files */,
			);
			path = HeaderControl;
			sourceTree = "<group>";
		};
		C62A824C1C974F660057544F /* Supporting Files */ = {
			isa = PBXGroup;
			children = (
				C62A824D1C974F660057544F /* main.m */,
			);
			name = "Supporting Files";
			sourceTree = "<group>";
		};
		C62A82721C974FDD0057544F /* ViewController */ = {
			isa = PBXGroup;
			children = (
				C62A82521C974F660057544F /* ViewController.h */,
				C62A82531C974F660057544F /* ViewController.m */,
				C62A82631C974F8E0057544F /* TableViewCell.h */,
				C62A82641C974F8E0057544F /* TableViewCell.m */,
				C62A82651C974F8E0057544F /* TableViewCell.xib */,
				C62A82681C974F9D0057544F /* HeaderView.h */,
				C62A82691C974F9D0057544F /* HeaderView.m */,
				C62A826B1C974FAB0057544F /* HeaderView.xib */,
				C62A826D1C974FCC0057544F /* SectionView.h */,
				C62A826E1C974FCC0057544F /* SectionView.m */,
				C62A82701C974FD70057544F /* SectionView.xib */,
			);
			name = ViewController;
			sourceTree = "<group>";
		};
/* End PBXGroup section */

/* Begin PBXNativeTarget section */
		C62A82481C974F660057544F /* HeaderControl */ = {
			isa = PBXNativeTarget;
			buildConfigurationList = C62A82601C974F660057544F /* Build configuration list for PBXNativeTarget "HeaderControl" */;
			buildPhases = (
				C62A82451C974F660057544F /* Sources */,
				C62A82461C974F660057544F /* Frameworks */,
				C62A82471C974F660057544F /* Resources */,
			);
			buildRules = (
			);
			dependencies = (
			);
			name = HeaderControl;
			productName = HeaderControl;
			productReference = C62A82491C974F660057544F /* HeaderControl.app */;
			productType = "com.apple.product-type.application";
		};
/* End PBXNativeTarget section */

/* Begin PBXProject section */
		C62A82411C974F660057544F /* Project object */ = {
			isa = PBXProject;
			attributes = {
				LastUpgradeCheck = 0720;
				ORGANIZATIONNAME = "Zakk Hoyt";
				TargetAttributes = {
					C62A82481C974F660057544F = {
						CreatedOnToolsVersion = 7.2.1;
					};
				};
			};
			buildConfigurationList = C62A82441C974F660057544F /* Build configuration list for PBXProject "HeaderControl" */;
			compatibilityVersion = "Xcode 3.2";
			developmentRegion = English;
			hasScannedForEncodings = 0;
			knownRegions = (
				en,
				Base,
			);
			mainGroup = C62A82401C974F660057544F;
			productRefGroup = C62A824A1C974F660057544F /* Products */;
			projectDirPath = "";
			projectRoot = "";
			targets = (
				C62A82481C974F660057544F /* HeaderControl */,
			);
		};
/* End PBXProject section */

/* Begin PBXResourcesBuildPhase section */
		C62A82471C974F660057544F /* Resources */ = {
			isa = PBXResourcesBuildPhase;
			buildActionMask = 2147483647;
			files = (
				C62A825C1C974F660057544F /* LaunchScreen.storyboard in Resources */,
				C62A826C1C974FAB0057544F /* HeaderView.xib in Resources */,
				C62A82671C974F8E0057544F /* TableViewCell.xib in Resources */,
				C62A82591C974F660057544F /* Assets.xcassets in Resources */,
				C62A82711C974FD70057544F /* SectionView.xib in Resources */,
				C62A82571C974F660057544F /* Main.storyboard in Resources */,
			);
			runOnlyForDeploymentPostprocessing = 0;
		};
/* End PBXResourcesBuildPhase section */

/* Begin PBXSourcesBuildPhase section */
		C62A82451C974F660057544F /* Sources */ = {
			isa = PBXSourcesBuildPhase;
			buildActionMask = 2147483647;
			files = (
				C62A826F1C974FCC0057544F /* SectionView.m in Sources */,
				C62A82541C974F660057544F /* ViewController.m in Sources */,
				C62A826A1C974F9D0057544F /* HeaderView.m in Sources */,
				C62A82661C974F8E0057544F /* TableViewCell.m in Sources */,
				C62A82511C974F660057544F /* AppDelegate.m in Sources */,
				C62A824E1C974F660057544F /* main.m in Sources */,
			);
			runOnlyForDeploymentPostprocessing = 0;
		};
/* End PBXSourcesBuildPhase section */

/* Begin PBXVariantGroup section */
		C62A82551C974F660057544F /* Main.storyboard */ = {
			isa = PBXVariantGroup;
			children = (
				C62A82561C974F660057544F /* Base */,
			);
			name = Main.storyboard;
			sourceTree = "<group>";
		};
		C62A825A1C974F660057544F /* LaunchScreen.storyboard */ = {
			isa = PBXVariantGroup;
			children = (
				C62A825B1C974F660057544F /* Base */,
			);
			name = LaunchScreen.storyboard;
			sourceTree = "<group>";
		};
/* End PBXVariantGroup section */

/* Begin XCBuildConfiguration section */
		C62A825E1C974F660057544F /* Debug */ = {
			isa = XCBuildConfiguration;
			buildSettings = {
				ALWAYS_SEARCH_USER_PATHS = NO;
				CLANG_CXX_LANGUAGE_STANDARD = "gnu++0x";
				CLANG_CXX_LIBRARY = "libc++";
				CLANG_ENABLE_MODULES = YES;
				CLANG_ENABLE_OBJC_ARC = YES;
				CLANG_WARN_BOOL_CONVERSION = YES;
				CLANG_WARN_CONSTANT_CONVERSION = YES;
				CLANG_WARN_DIRECT_OBJC_ISA_USAGE = YES_ERROR;
				CLANG_WARN_EMPTY_BODY = YES;
				CLANG_WARN_ENUM_CONVERSION = YES;
				CLANG_WARN_INT_CONVERSION = YES;
				CLANG_WARN_OBJC_ROOT_CLASS = YES_ERROR;
				CLANG_WARN_UNREACHABLE_CODE = YES;
				CLANG_WARN__DUPLICATE_METHOD_MATCH = YES;
				"CODE_SIGN_IDENTITY[sdk=iphoneos*]" = "iPhone Developer";
				COPY_PHASE_STRIP = NO;
				DEBUG_INFORMATION_FORMAT = dwarf;
				ENABLE_STRICT_OBJC_MSGSEND = YES;
				ENABLE_TESTABILITY = YES;
				GCC_C_LANGUAGE_STANDARD = gnu99;
				GCC_DYNAMIC_NO_PIC = NO;
				GCC_NO_COMMON_BLOCKS = YES;
				GCC_OPTIMIZATION_LEVEL = 0;
				GCC_PREPROCESSOR_DEFINITIONS = (
					"DEBUG=1",
					"$(inherited)",
				);
				GCC_WARN_64_TO_32_BIT_CONVERSION = YES;
				GCC_WARN_ABOUT_RETURN_TYPE = YES_ERROR;
				GCC_WARN_UNDECLARED_SELECTOR = YES;
				GCC_WARN_UNINITIALIZED_AUTOS = YES_AGGRESSIVE;
				GCC_WARN_UNUSED_FUNCTION = YES;
				GCC_WARN_UNUSED_VARIABLE = YES;
				IPHONEOS_DEPLOYMENT_TARGET = 9.2;
				MTL_ENABLE_DEBUG_INFO = YES;
				ONLY_ACTIVE_ARCH = YES;
				SDKROOT = iphoneos;
				TARGETED_DEVICE_FAMILY = "1,2";
			};
			name = Debug;
		};
		C62A825F1C974F660057544F /* Release */ = {
			isa = XCBuildConfiguration;
			buildSettings = {
				ALWAYS_SEARCH_USER_PATHS = NO;
				CLANG_CXX_LANGUAGE_STANDARD = "gnu++0x";
				CLANG_CXX_LIBRARY = "libc++";
				CLANG_ENABLE_MODULES = YES;
				CLANG_ENABLE_OBJC_ARC = YES;
				CLANG_WARN_BOOL_CONVERSION = YES;
				CLANG_WARN_CONSTANT_CONVERSION = YES;
				CLANG_WARN_DIRECT_OBJC_ISA_USAGE = YES_ERROR;
				CLANG_WARN_EMPTY_BODY = YES;
				CLANG_WARN_ENUM_CONVERSION = YES;
				CLANG_WARN_INT_CONVERSION = YES;
				CLANG_WARN_OBJC_ROOT_CLASS = YES_ERROR;
				CLANG_WARN_UNREACHABLE_CODE = YES;
				CLANG_WARN__DUPLICATE_METHOD_MATCH = YES;
				"CODE_SIGN_IDENTITY[sdk=iphoneos*]" = "iPhone Developer";
				COPY_PHASE_STRIP = NO;
				DEBUG_INFORMATION_FORMAT = "dwarf-with-dsym";
				ENABLE_NS_ASSERTIONS = NO;
				ENABLE_STRICT_OBJC_MSGSEND = YES;
				GCC_C_LANGUAGE_STANDARD = gnu99;
				GCC_NO_COMMON_BLOCKS = YES;
				GCC_WARN_64_TO_32_BIT_CONVERSION = YES;
				GCC_WARN_ABOUT_RETURN_TYPE = YES_ERROR;
				GCC_WARN_UNDECLARED_SELECTOR = YES;
				GCC_WARN_UNINITIALIZED_AUTOS = YES_AGGRESSIVE;
				GCC_WARN_UNUSED_FUNCTION = YES;
				GCC_WARN_UNUSED_VARIABLE = YES;
				IPHONEOS_DEPLOYMENT_TARGET = 9.2;
				MTL_ENABLE_DEBUG_INFO = NO;
				SDKROOT = iphoneos;
				TARGETED_DEVICE_FAMILY = "1,2";
				VALIDATE_PRODUCT = YES;
			};
			name = Release;
		};
		C62A82611C974F660057544F /* Debug */ = {
			isa = XCBuildConfiguration;
			buildSettings = {
				ASSETCATALOG_COMPILER_APPICON_NAME = AppIcon;
				INFOPLIST_FILE = HeaderControl/Info.plist;
				LD_RUNPATH_SEARCH_PATHS = "$(inherited) @executable_path/Frameworks";
				PRODUCT_BUNDLE_IDENTIFIER = com.vaporwarewolf.HeaderControl;
				PRODUCT_NAME = "$(TARGET_NAME)";
			};
			name = Debug;
		};
		C62A82621C974F660057544F /* Release */ = {
			isa = XCBuildConfiguration;
			buildSettings = {
				ASSETCATALOG_COMPILER_APPICON_NAME = AppIcon;
				INFOPLIST_FILE = HeaderControl/Info.plist;
				LD_RUNPATH_SEARCH_PATHS = "$(inherited) @executable_path/Frameworks";
				PRODUCT_BUNDLE_IDENTIFIER = com.vaporwarewolf.HeaderControl;
				PRODUCT_NAME = "$(TARGET_NAME)";
			};
			name = Release;
		};
/* End XCBuildConfiguration section */

/* Begin XCConfigurationList section */
		C62A82441C974F660057544F /* Build configuration list for PBXProject "HeaderControl" */ = {
			isa = XCConfigurationList;
			buildConfigurations = (
				C62A825E1C974F660057544F /* Debug */,
				C62A825F1C974F660057544F /* Release */,
			);
			defaultConfigurationIsVisible = 0;
			defaultConfigurationName = Release;
		};
		C62A82601C974F660057544F /* Build configuration list for PBXNativeTarget "HeaderControl" */ = {
			isa = XCConfigurationList;
			buildConfigurations = (
				C62A82611C974F660057544F /* Debug */,
				C62A82621C974F660057544F /* Release */,
			);
			defaultConfigurationIsVisible = 0;
		};
/* End XCConfigurationList section */
	};
	rootObject = C62A82411C974F660057544F /* Project object */;
}
